// !$*UTF8*$!
{
	archiveVersion = 1;
	classes = {
	};
	objectVersion = 56;
	objects = {

/* Begin PBXBuildFile section */
		9C029417293CCE9A00142A8F /* AppDelegate.swift in Sources */ = {isa = PBXBuildFile; fileRef = 9C029416293CCE9A00142A8F /* AppDelegate.swift */; };
		9C029419293CCE9A00142A8F /* SceneDelegate.swift in Sources */ = {isa = PBXBuildFile; fileRef = 9C029418293CCE9A00142A8F /* SceneDelegate.swift */; };
		9C02941B293CCE9A00142A8F /* MainViewController.swift in Sources */ = {isa = PBXBuildFile; fileRef = 9C02941A293CCE9A00142A8F /* MainViewController.swift */; };
		9C02941E293CCE9A00142A8F /* Main.storyboard in Resources */ = {isa = PBXBuildFile; fileRef = 9C02941C293CCE9A00142A8F /* Main.storyboard */; };
		9C029420293CCE9A00142A8F /* Assets.xcassets in Resources */ = {isa = PBXBuildFile; fileRef = 9C02941F293CCE9A00142A8F /* Assets.xcassets */; };
		9C029423293CCE9A00142A8F /* LaunchScreen.storyboard in Resources */ = {isa = PBXBuildFile; fileRef = 9C029421293CCE9A00142A8F /* LaunchScreen.storyboard */; };
		9C02942C293CCF8D00142A8F /* Mark-Pro.ttf in Resources */ = {isa = PBXBuildFile; fileRef = 9C02942B293CCEDE00142A8F /* Mark-Pro.ttf */; };
		9C02942E293CD15D00142A8F /* MarkPro-Regular.ttf in Resources */ = {isa = PBXBuildFile; fileRef = 9C02942D293CD15D00142A8F /* MarkPro-Regular.ttf */; };
		9C029430293CD1C000142A8F /* Mark-Pro-Bold.ttf in Resources */ = {isa = PBXBuildFile; fileRef = 9C02942F293CD1C000142A8F /* Mark-Pro-Bold.ttf */; };
		9C029433293CD22900142A8F /* Mark-Pro-Heavy.ttf in Resources */ = {isa = PBXBuildFile; fileRef = 9C029432293CD22900142A8F /* Mark-Pro-Heavy.ttf */; };
		9C029435293CD27100142A8F /* MarkPro-Medium.ttf in Resources */ = {isa = PBXBuildFile; fileRef = 9C029434293CD27100142A8F /* MarkPro-Medium.ttf */; };
		9C029465293E2CF900142A8F /* CircleButtonStruct.swift in Sources */ = {isa = PBXBuildFile; fileRef = 9C029464293E2CF900142A8F /* CircleButtonStruct.swift */; };
		9C029468293E8C1400142A8F /* MainControllerData.swift in Sources */ = {isa = PBXBuildFile; fileRef = 9C029467293E8C1400142A8F /* MainControllerData.swift */; };
		9C02946C293E92BD00142A8F /* SalesModels.swift in Sources */ = {isa = PBXBuildFile; fileRef = 9C02946B293E92BD00142A8F /* SalesModels.swift */; };
		9C029470293E938300142A8F /* HotSalesAndBAstSellersManager.swift in Sources */ = {isa = PBXBuildFile; fileRef = 9C02946F293E938300142A8F /* HotSalesAndBAstSellersManager.swift */; };
		9C029477293F504500142A8F /* CircleButtonViewModel.swift in Sources */ = {isa = PBXBuildFile; fileRef = 9C029476293F504500142A8F /* CircleButtonViewModel.swift */; };
		9C02947D294202AC00142A8F /* PictureManager.swift in Sources */ = {isa = PBXBuildFile; fileRef = 9C02947C294202AC00142A8F /* PictureManager.swift */; };
		9C029481294214A100142A8F /* SDWebImage in Frameworks */ = {isa = PBXBuildFile; productRef = 9C029480294214A100142A8F /* SDWebImage */; };
		9C029483294214A100142A8F /* SDWebImageMapKit in Frameworks */ = {isa = PBXBuildFile; productRef = 9C029482294214A100142A8F /* SDWebImageMapKit */; };
		9C0294872942199500142A8F /* CarouselLayout.swift in Sources */ = {isa = PBXBuildFile; fileRef = 9C0294862942199500142A8F /* CarouselLayout.swift */; };
		9C0294892942245C00142A8F /* Carousel.swift in Sources */ = {isa = PBXBuildFile; fileRef = 9C0294882942245C00142A8F /* Carousel.swift */; };
		9C0294902942412200142A8F /* SFProDisplay-Bold.ttf in Resources */ = {isa = PBXBuildFile; fileRef = 9C02948F2942412200142A8F /* SFProDisplay-Bold.ttf */; };
		9C0294922942413A00142A8F /* SFProDisplay-Regular.ttf in Resources */ = {isa = PBXBuildFile; fileRef = 9C0294912942413A00142A8F /* SFProDisplay-Regular.ttf */; };
		9C029496294326A500142A8F /* StoreApiForHotSales.swift in Sources */ = {isa = PBXBuildFile; fileRef = 9C029495294326A500142A8F /* StoreApiForHotSales.swift */; };
		9C0294982943342000142A8F /* HotSalesCell.swift in Sources */ = {isa = PBXBuildFile; fileRef = 9C0294972943341F00142A8F /* HotSalesCell.swift */; };
/* End PBXBuildFile section */

/* Begin PBXFileReference section */
		9C029413293CCE9A00142A8F /* TechShopTestProj.app */ = {isa = PBXFileReference; explicitFileType = wrapper.application; includeInIndex = 0; path = TechShopTestProj.app; sourceTree = BUILT_PRODUCTS_DIR; };
		9C029416293CCE9A00142A8F /* AppDelegate.swift */ = {isa = PBXFileReference; lastKnownFileType = sourcecode.swift; path = AppDelegate.swift; sourceTree = "<group>"; };
		9C029418293CCE9A00142A8F /* SceneDelegate.swift */ = {isa = PBXFileReference; lastKnownFileType = sourcecode.swift; path = SceneDelegate.swift; sourceTree = "<group>"; };
		9C02941A293CCE9A00142A8F /* MainViewController.swift */ = {isa = PBXFileReference; lastKnownFileType = sourcecode.swift; path = MainViewController.swift; sourceTree = "<group>"; };
		9C02941D293CCE9A00142A8F /* Base */ = {isa = PBXFileReference; lastKnownFileType = file.storyboard; name = Base; path = Base.lproj/Main.storyboard; sourceTree = "<group>"; };
		9C02941F293CCE9A00142A8F /* Assets.xcassets */ = {isa = PBXFileReference; lastKnownFileType = folder.assetcatalog; path = Assets.xcassets; sourceTree = "<group>"; };
		9C029422293CCE9A00142A8F /* Base */ = {isa = PBXFileReference; lastKnownFileType = file.storyboard; name = Base; path = Base.lproj/LaunchScreen.storyboard; sourceTree = "<group>"; };
		9C029424293CCE9A00142A8F /* Info.plist */ = {isa = PBXFileReference; lastKnownFileType = text.plist.xml; path = Info.plist; sourceTree = "<group>"; };
		9C02942B293CCEDE00142A8F /* Mark-Pro.ttf */ = {isa = PBXFileReference; lastKnownFileType = file; path = "Mark-Pro.ttf"; sourceTree = "<group>"; };
		9C02942D293CD15D00142A8F /* MarkPro-Regular.ttf */ = {isa = PBXFileReference; lastKnownFileType = file; path = "MarkPro-Regular.ttf"; sourceTree = "<group>"; };
		9C02942F293CD1C000142A8F /* Mark-Pro-Bold.ttf */ = {isa = PBXFileReference; lastKnownFileType = file; path = "Mark-Pro-Bold.ttf"; sourceTree = "<group>"; };
		9C029432293CD22900142A8F /* Mark-Pro-Heavy.ttf */ = {isa = PBXFileReference; lastKnownFileType = file; path = "Mark-Pro-Heavy.ttf"; sourceTree = "<group>"; };
		9C029434293CD27100142A8F /* MarkPro-Medium.ttf */ = {isa = PBXFileReference; lastKnownFileType = file; path = "MarkPro-Medium.ttf"; sourceTree = "<group>"; };
		9C029464293E2CF900142A8F /* CircleButtonStruct.swift */ = {isa = PBXFileReference; lastKnownFileType = sourcecode.swift; path = CircleButtonStruct.swift; sourceTree = "<group>"; };
		9C029467293E8C1400142A8F /* MainControllerData.swift */ = {isa = PBXFileReference; lastKnownFileType = sourcecode.swift; path = MainControllerData.swift; sourceTree = "<group>"; };
		9C02946B293E92BD00142A8F /* SalesModels.swift */ = {isa = PBXFileReference; lastKnownFileType = sourcecode.swift; path = SalesModels.swift; sourceTree = "<group>"; };
		9C02946F293E938300142A8F /* HotSalesAndBAstSellersManager.swift */ = {isa = PBXFileReference; lastKnownFileType = sourcecode.swift; path = HotSalesAndBAstSellersManager.swift; sourceTree = "<group>"; };
		9C029476293F504500142A8F /* CircleButtonViewModel.swift */ = {isa = PBXFileReference; lastKnownFileType = sourcecode.swift; path = CircleButtonViewModel.swift; sourceTree = "<group>"; };
		9C02947C294202AC00142A8F /* PictureManager.swift */ = {isa = PBXFileReference; lastKnownFileType = sourcecode.swift; path = PictureManager.swift; sourceTree = "<group>"; };
		9C0294862942199500142A8F /* CarouselLayout.swift */ = {isa = PBXFileReference; lastKnownFileType = sourcecode.swift; path = CarouselLayout.swift; sourceTree = "<group>"; };
		9C0294882942245C00142A8F /* Carousel.swift */ = {isa = PBXFileReference; lastKnownFileType = sourcecode.swift; path = Carousel.swift; sourceTree = "<group>"; };
		9C02948F2942412200142A8F /* SFProDisplay-Bold.ttf */ = {isa = PBXFileReference; lastKnownFileType = file; path = "SFProDisplay-Bold.ttf"; sourceTree = "<group>"; };
		9C0294912942413A00142A8F /* SFProDisplay-Regular.ttf */ = {isa = PBXFileReference; lastKnownFileType = file; path = "SFProDisplay-Regular.ttf"; sourceTree = "<group>"; };
		9C029495294326A500142A8F /* StoreApiForHotSales.swift */ = {isa = PBXFileReference; lastKnownFileType = sourcecode.swift; path = StoreApiForHotSales.swift; sourceTree = "<group>"; };
		9C0294972943341F00142A8F /* HotSalesCell.swift */ = {isa = PBXFileReference; lastKnownFileType = sourcecode.swift; path = HotSalesCell.swift; sourceTree = "<group>"; };
/* End PBXFileReference section */

/* Begin PBXFrameworksBuildPhase section */
		9C029410293CCE9A00142A8F /* Frameworks */ = {
			isa = PBXFrameworksBuildPhase;
			buildActionMask = 2147483647;
			files = (
				9C029483294214A100142A8F /* SDWebImageMapKit in Frameworks */,
				9C029481294214A100142A8F /* SDWebImage in Frameworks */,
			);
			runOnlyForDeploymentPostprocessing = 0;
		};
/* End PBXFrameworksBuildPhase section */

/* Begin PBXGroup section */
		9C02940A293CCE9A00142A8F = {
			isa = PBXGroup;
			children = (
				9C029415293CCE9A00142A8F /* TechShopTestProj */,
				9C029414293CCE9A00142A8F /* Products */,
			);
			sourceTree = "<group>";
		};
		9C029414293CCE9A00142A8F /* Products */ = {
			isa = PBXGroup;
			children = (
				9C029413293CCE9A00142A8F /* TechShopTestProj.app */,
			);
			name = Products;
			sourceTree = "<group>";
		};
		9C029415293CCE9A00142A8F /* TechShopTestProj */ = {
			isa = PBXGroup;
			children = (
				9C02942A293CCEA400142A8F /* Fonts */,
				9C029416293CCE9A00142A8F /* AppDelegate.swift */,
				9C029418293CCE9A00142A8F /* SceneDelegate.swift */,
				9C02947E294208C300142A8F /* ViewController */,
				9C029473293F4FB600142A8F /* ViewModel */,
				9C029466293E2CFF00142A8F /* Model */,
				9C02941C293CCE9A00142A8F /* Main.storyboard */,
				9C02941F293CCE9A00142A8F /* Assets.xcassets */,
				9C029421293CCE9A00142A8F /* LaunchScreen.storyboard */,
				9C029424293CCE9A00142A8F /* Info.plist */,
			);
			path = TechShopTestProj;
			sourceTree = "<group>";
		};
		9C02942A293CCEA400142A8F /* Fonts */ = {
			isa = PBXGroup;
			children = (
				9C0294912942413A00142A8F /* SFProDisplay-Regular.ttf */,
				9C02948F2942412200142A8F /* SFProDisplay-Bold.ttf */,
				9C02942B293CCEDE00142A8F /* Mark-Pro.ttf */,
				9C02942D293CD15D00142A8F /* MarkPro-Regular.ttf */,
				9C02942F293CD1C000142A8F /* Mark-Pro-Bold.ttf */,
				9C029432293CD22900142A8F /* Mark-Pro-Heavy.ttf */,
				9C029434293CD27100142A8F /* MarkPro-Medium.ttf */,
			);
			path = Fonts;
			sourceTree = "<group>";
		};
		9C029466293E2CFF00142A8F /* Model */ = {
			isa = PBXGroup;
			children = (
				9C029467293E8C1400142A8F /* MainControllerData.swift */,
				9C029495294326A500142A8F /* StoreApiForHotSales.swift */,
				9C02946F293E938300142A8F /* HotSalesAndBAstSellersManager.swift */,
				9C02947C294202AC00142A8F /* PictureManager.swift */,
				9C02946B293E92BD00142A8F /* SalesModels.swift */,
			);
			path = Model;
			sourceTree = "<group>";
		};
		9C029473293F4FB600142A8F /* ViewModel */ = {
			isa = PBXGroup;
			children = (
				9C029464293E2CF900142A8F /* CircleButtonStruct.swift */,
				9C029476293F504500142A8F /* CircleButtonViewModel.swift */,
			);
			path = ViewModel;
			sourceTree = "<group>";
		};
		9C02947E294208C300142A8F /* ViewController */ = {
			isa = PBXGroup;
			children = (
				9C02941A293CCE9A00142A8F /* MainViewController.swift */,
				9C0294862942199500142A8F /* CarouselLayout.swift */,
				9C0294972943341F00142A8F /* HotSalesCell.swift */,
				9C0294882942245C00142A8F /* Carousel.swift */,
			);
			path = ViewController;
			sourceTree = "<group>";
		};
/* End PBXGroup section */

/* Begin PBXNativeTarget section */
		9C029412293CCE9A00142A8F /* TechShopTestProj */ = {
			isa = PBXNativeTarget;
			buildConfigurationList = 9C029427293CCE9A00142A8F /* Build configuration list for PBXNativeTarget "TechShopTestProj" */;
			buildPhases = (
				9C02940F293CCE9A00142A8F /* Sources */,
				9C029410293CCE9A00142A8F /* Frameworks */,
				9C029411293CCE9A00142A8F /* Resources */,
			);
			buildRules = (
			);
			dependencies = (
			);
			name = TechShopTestProj;
			packageProductDependencies = (
				9C029480294214A100142A8F /* SDWebImage */,
				9C029482294214A100142A8F /* SDWebImageMapKit */,
			);
			productName = TechShopTestProj;
			productReference = 9C029413293CCE9A00142A8F /* TechShopTestProj.app */;
			productType = "com.apple.product-type.application";
		};
/* End PBXNativeTarget section */

/* Begin PBXProject section */
		9C02940B293CCE9A00142A8F /* Project object */ = {
			isa = PBXProject;
			attributes = {
				BuildIndependentTargetsInParallel = 1;
				LastSwiftUpdateCheck = 1410;
				LastUpgradeCheck = 1410;
				TargetAttributes = {
					9C029412293CCE9A00142A8F = {
						CreatedOnToolsVersion = 14.1;
					};
				};
			};
			buildConfigurationList = 9C02940E293CCE9A00142A8F /* Build configuration list for PBXProject "TechShopTestProj" */;
			compatibilityVersion = "Xcode 14.0";
			developmentRegion = en;
			hasScannedForEncodings = 0;
			knownRegions = (
				en,
				Base,
			);
			mainGroup = 9C02940A293CCE9A00142A8F;
			packageReferences = (
				9C02947F294214A100142A8F /* XCRemoteSwiftPackageReference "SDWebImage" */,
			);
			productRefGroup = 9C029414293CCE9A00142A8F /* Products */;
			projectDirPath = "";
			projectRoot = "";
			targets = (
				9C029412293CCE9A00142A8F /* TechShopTestProj */,
			);
		};
/* End PBXProject section */

/* Begin PBXResourcesBuildPhase section */
		9C029411293CCE9A00142A8F /* Resources */ = {
			isa = PBXResourcesBuildPhase;
			buildActionMask = 2147483647;
			files = (
				9C0294902942412200142A8F /* SFProDisplay-Bold.ttf in Resources */,
				9C029430293CD1C000142A8F /* Mark-Pro-Bold.ttf in Resources */,
				9C029433293CD22900142A8F /* Mark-Pro-Heavy.ttf in Resources */,
				9C0294922942413A00142A8F /* SFProDisplay-Regular.ttf in Resources */,
				9C029435293CD27100142A8F /* MarkPro-Medium.ttf in Resources */,
				9C029423293CCE9A00142A8F /* LaunchScreen.storyboard in Resources */,
				9C02942E293CD15D00142A8F /* MarkPro-Regular.ttf in Resources */,
				9C02942C293CCF8D00142A8F /* Mark-Pro.ttf in Resources */,
				9C029420293CCE9A00142A8F /* Assets.xcassets in Resources */,
				9C02941E293CCE9A00142A8F /* Main.storyboard in Resources */,
			);
			runOnlyForDeploymentPostprocessing = 0;
		};
/* End PBXResourcesBuildPhase section */

/* Begin PBXSourcesBuildPhase section */
		9C02940F293CCE9A00142A8F /* Sources */ = {
			isa = PBXSourcesBuildPhase;
			buildActionMask = 2147483647;
			files = (
				9C029477293F504500142A8F /* CircleButtonViewModel.swift in Sources */,
				9C029496294326A500142A8F /* StoreApiForHotSales.swift in Sources */,
				9C02946C293E92BD00142A8F /* SalesModels.swift in Sources */,
				9C02941B293CCE9A00142A8F /* MainViewController.swift in Sources */,
				9C029417293CCE9A00142A8F /* AppDelegate.swift in Sources */,
				9C029468293E8C1400142A8F /* MainControllerData.swift in Sources */,
				9C0294872942199500142A8F /* CarouselLayout.swift in Sources */,
				9C02947D294202AC00142A8F /* PictureManager.swift in Sources */,
				9C0294892942245C00142A8F /* Carousel.swift in Sources */,
				9C0294982943342000142A8F /* HotSalesCell.swift in Sources */,
				9C029470293E938300142A8F /* HotSalesAndBAstSellersManager.swift in Sources */,
				9C029465293E2CF900142A8F /* CircleButtonStruct.swift in Sources */,
				9C029419293CCE9A00142A8F /* SceneDelegate.swift in Sources */,
			);
			runOnlyForDeploymentPostprocessing = 0;
		};
/* End PBXSourcesBuildPhase section */

/* Begin PBXVariantGroup section */
		9C02941C293CCE9A00142A8F /* Main.storyboard */ = {
			isa = PBXVariantGroup;
			children = (
				9C02941D293CCE9A00142A8F /* Base */,
			);
			name = Main.storyboard;
			sourceTree = "<group>";
		};
		9C029421293CCE9A00142A8F /* LaunchScreen.storyboard */ = {
			isa = PBXVariantGroup;
			children = (
				9C029422293CCE9A00142A8F /* Base */,
			);
			name = LaunchScreen.storyboard;
			sourceTree = "<group>";
		};
/* End PBXVariantGroup section */

/* Begin XCBuildConfiguration section */
		9C029425293CCE9A00142A8F /* Debug */ = {
			isa = XCBuildConfiguration;
			buildSettings = {
				ALWAYS_SEARCH_USER_PATHS = NO;
				CLANG_ANALYZER_NONNULL = YES;
				CLANG_ANALYZER_NUMBER_OBJECT_CONVERSION = YES_AGGRESSIVE;
				CLANG_CXX_LANGUAGE_STANDARD = "gnu++20";
				CLANG_ENABLE_MODULES = YES;
				CLANG_ENABLE_OBJC_ARC = YES;
				CLANG_ENABLE_OBJC_WEAK = YES;
				CLANG_WARN_BLOCK_CAPTURE_AUTORELEASING = YES;
				CLANG_WARN_BOOL_CONVERSION = YES;
				CLANG_WARN_COMMA = YES;
				CLANG_WARN_CONSTANT_CONVERSION = YES;
				CLANG_WARN_DEPRECATED_OBJC_IMPLEMENTATIONS = YES;
				CLANG_WARN_DIRECT_OBJC_ISA_USAGE = YES_ERROR;
				CLANG_WARN_DOCUMENTATION_COMMENTS = YES;
				CLANG_WARN_EMPTY_BODY = YES;
				CLANG_WARN_ENUM_CONVERSION = YES;
				CLANG_WARN_INFINITE_RECURSION = YES;
				CLANG_WARN_INT_CONVERSION = YES;
				CLANG_WARN_NON_LITERAL_NULL_CONVERSION = YES;
				CLANG_WARN_OBJC_IMPLICIT_RETAIN_SELF = YES;
				CLANG_WARN_OBJC_LITERAL_CONVERSION = YES;
				CLANG_WARN_OBJC_ROOT_CLASS = YES_ERROR;
				CLANG_WARN_QUOTED_INCLUDE_IN_FRAMEWORK_HEADER = YES;
				CLANG_WARN_RANGE_LOOP_ANALYSIS = YES;
				CLANG_WARN_STRICT_PROTOTYPES = YES;
				CLANG_WARN_SUSPICIOUS_MOVE = YES;
				CLANG_WARN_UNGUARDED_AVAILABILITY = YES_AGGRESSIVE;
				CLANG_WARN_UNREACHABLE_CODE = YES;
				CLANG_WARN__DUPLICATE_METHOD_MATCH = YES;
				COPY_PHASE_STRIP = NO;
				DEBUG_INFORMATION_FORMAT = dwarf;
				ENABLE_STRICT_OBJC_MSGSEND = YES;
				ENABLE_TESTABILITY = YES;
				GCC_C_LANGUAGE_STANDARD = gnu11;
				GCC_DYNAMIC_NO_PIC = NO;
				GCC_NO_COMMON_BLOCKS = YES;
				GCC_OPTIMIZATION_LEVEL = 0;
				GCC_PREPROCESSOR_DEFINITIONS = (
					"DEBUG=1",
					"$(inherited)",
				);
				GCC_WARN_64_TO_32_BIT_CONVERSION = YES;
				GCC_WARN_ABOUT_RETURN_TYPE = YES_ERROR;
				GCC_WARN_UNDECLARED_SELECTOR = YES;
				GCC_WARN_UNINITIALIZED_AUTOS = YES_AGGRESSIVE;
				GCC_WARN_UNUSED_FUNCTION = YES;
				GCC_WARN_UNUSED_VARIABLE = YES;
				IPHONEOS_DEPLOYMENT_TARGET = 16.1;
				MTL_ENABLE_DEBUG_INFO = INCLUDE_SOURCE;
				MTL_FAST_MATH = YES;
				ONLY_ACTIVE_ARCH = YES;
				SDKROOT = iphoneos;
				SWIFT_ACTIVE_COMPILATION_CONDITIONS = DEBUG;
				SWIFT_OPTIMIZATION_LEVEL = "-Onone";
			};
			name = Debug;
		};
		9C029426293CCE9A00142A8F /* Release */ = {
			isa = XCBuildConfiguration;
			buildSettings = {
				ALWAYS_SEARCH_USER_PATHS = NO;
				CLANG_ANALYZER_NONNULL = YES;
				CLANG_ANALYZER_NUMBER_OBJECT_CONVERSION = YES_AGGRESSIVE;
				CLANG_CXX_LANGUAGE_STANDARD = "gnu++20";
				CLANG_ENABLE_MODULES = YES;
				CLANG_ENABLE_OBJC_ARC = YES;
				CLANG_ENABLE_OBJC_WEAK = YES;
				CLANG_WARN_BLOCK_CAPTURE_AUTORELEASING = YES;
				CLANG_WARN_BOOL_CONVERSION = YES;
				CLANG_WARN_COMMA = YES;
				CLANG_WARN_CONSTANT_CONVERSION = YES;
				CLANG_WARN_DEPRECATED_OBJC_IMPLEMENTATIONS = YES;
				CLANG_WARN_DIRECT_OBJC_ISA_USAGE = YES_ERROR;
				CLANG_WARN_DOCUMENTATION_COMMENTS = YES;
				CLANG_WARN_EMPTY_BODY = YES;
				CLANG_WARN_ENUM_CONVERSION = YES;
				CLANG_WARN_INFINITE_RECURSION = YES;
				CLANG_WARN_INT_CONVERSION = YES;
				CLANG_WARN_NON_LITERAL_NULL_CONVERSION = YES;
				CLANG_WARN_OBJC_IMPLICIT_RETAIN_SELF = YES;
				CLANG_WARN_OBJC_LITERAL_CONVERSION = YES;
				CLANG_WARN_OBJC_ROOT_CLASS = YES_ERROR;
				CLANG_WARN_QUOTED_INCLUDE_IN_FRAMEWORK_HEADER = YES;
				CLANG_WARN_RANGE_LOOP_ANALYSIS = YES;
				CLANG_WARN_STRICT_PROTOTYPES = YES;
				CLANG_WARN_SUSPICIOUS_MOVE = YES;
				CLANG_WARN_UNGUARDED_AVAILABILITY = YES_AGGRESSIVE;
				CLANG_WARN_UNREACHABLE_CODE = YES;
				CLANG_WARN__DUPLICATE_METHOD_MATCH = YES;
				COPY_PHASE_STRIP = NO;
				DEBUG_INFORMATION_FORMAT = "dwarf-with-dsym";
				ENABLE_NS_ASSERTIONS = NO;
				ENABLE_STRICT_OBJC_MSGSEND = YES;
				GCC_C_LANGUAGE_STANDARD = gnu11;
				GCC_NO_COMMON_BLOCKS = YES;
				GCC_WARN_64_TO_32_BIT_CONVERSION = YES;
				GCC_WARN_ABOUT_RETURN_TYPE = YES_ERROR;
				GCC_WARN_UNDECLARED_SELECTOR = YES;
				GCC_WARN_UNINITIALIZED_AUTOS = YES_AGGRESSIVE;
				GCC_WARN_UNUSED_FUNCTION = YES;
				GCC_WARN_UNUSED_VARIABLE = YES;
				IPHONEOS_DEPLOYMENT_TARGET = 16.1;
				MTL_ENABLE_DEBUG_INFO = NO;
				MTL_FAST_MATH = YES;
				SDKROOT = iphoneos;
				SWIFT_COMPILATION_MODE = wholemodule;
				SWIFT_OPTIMIZATION_LEVEL = "-O";
				VALIDATE_PRODUCT = YES;
			};
			name = Release;
		};
		9C029428293CCE9A00142A8F /* Debug */ = {
			isa = XCBuildConfiguration;
			buildSettings = {
				ASSETCATALOG_COMPILER_APPICON_NAME = AppIcon;
				ASSETCATALOG_COMPILER_GLOBAL_ACCENT_COLOR_NAME = AccentColor;
				CODE_SIGN_STYLE = Automatic;
				CURRENT_PROJECT_VERSION = 1;
				DEVELOPMENT_TEAM = R9MZB3HY3K;
				GENERATE_INFOPLIST_FILE = YES;
				INFOPLIST_FILE = TechShopTestProj/Info.plist;
				INFOPLIST_KEY_UIApplicationSupportsIndirectInputEvents = YES;
				INFOPLIST_KEY_UILaunchStoryboardName = LaunchScreen;
				INFOPLIST_KEY_UIMainStoryboardFile = Main;
				INFOPLIST_KEY_UISupportedInterfaceOrientations_iPad = "UIInterfaceOrientationPortrait UIInterfaceOrientationPortraitUpsideDown UIInterfaceOrientationLandscapeLeft UIInterfaceOrientationLandscapeRight";
				INFOPLIST_KEY_UISupportedInterfaceOrientations_iPhone = "UIInterfaceOrientationPortrait UIInterfaceOrientationLandscapeLeft UIInterfaceOrientationLandscapeRight";
				LD_RUNPATH_SEARCH_PATHS = (
					"$(inherited)",
					"@executable_path/Frameworks",
				);
				MARKETING_VERSION = 1.0;
				PRODUCT_BUNDLE_IDENTIFIER = com.HelgaPsycho.TechShopTestProj;
				PRODUCT_NAME = "$(TARGET_NAME)";
				SWIFT_EMIT_LOC_STRINGS = YES;
				SWIFT_VERSION = 5.0;
				TARGETED_DEVICE_FAMILY = "1,2";
			};
			name = Debug;
		};
		9C029429293CCE9A00142A8F /* Release */ = {
			isa = XCBuildConfiguration;
			buildSettings = {
				ASSETCATALOG_COMPILER_APPICON_NAME = AppIcon;
				ASSETCATALOG_COMPILER_GLOBAL_ACCENT_COLOR_NAME = AccentColor;
				CODE_SIGN_STYLE = Automatic;
				CURRENT_PROJECT_VERSION = 1;
				DEVELOPMENT_TEAM = R9MZB3HY3K;
				GENERATE_INFOPLIST_FILE = YES;
				INFOPLIST_FILE = TechShopTestProj/Info.plist;
				INFOPLIST_KEY_UIApplicationSupportsIndirectInputEvents = YES;
				INFOPLIST_KEY_UILaunchStoryboardName = LaunchScreen;
				INFOPLIST_KEY_UIMainStoryboardFile = Main;
				INFOPLIST_KEY_UISupportedInterfaceOrientations_iPad = "UIInterfaceOrientationPortrait UIInterfaceOrientationPortraitUpsideDown UIInterfaceOrientationLandscapeLeft UIInterfaceOrientationLandscapeRight";
				INFOPLIST_KEY_UISupportedInterfaceOrientations_iPhone = "UIInterfaceOrientationPortrait UIInterfaceOrientationLandscapeLeft UIInterfaceOrientationLandscapeRight";
				LD_RUNPATH_SEARCH_PATHS = (
					"$(inherited)",
					"@executable_path/Frameworks",
				);
				MARKETING_VERSION = 1.0;
				PRODUCT_BUNDLE_IDENTIFIER = com.HelgaPsycho.TechShopTestProj;
				PRODUCT_NAME = "$(TARGET_NAME)";
				SWIFT_EMIT_LOC_STRINGS = YES;
				SWIFT_VERSION = 5.0;
				TARGETED_DEVICE_FAMILY = "1,2";
			};
			name = Release;
		};
/* End XCBuildConfiguration section */

/* Begin XCConfigurationList section */
		9C02940E293CCE9A00142A8F /* Build configuration list for PBXProject "TechShopTestProj" */ = {
			isa = XCConfigurationList;
			buildConfigurations = (
				9C029425293CCE9A00142A8F /* Debug */,
				9C029426293CCE9A00142A8F /* Release */,
			);
			defaultConfigurationIsVisible = 0;
			defaultConfigurationName = Release;
		};
		9C029427293CCE9A00142A8F /* Build configuration list for PBXNativeTarget "TechShopTestProj" */ = {
			isa = XCConfigurationList;
			buildConfigurations = (
				9C029428293CCE9A00142A8F /* Debug */,
				9C029429293CCE9A00142A8F /* Release */,
			);
			defaultConfigurationIsVisible = 0;
			defaultConfigurationName = Release;
		};
/* End XCConfigurationList section */

/* Begin XCRemoteSwiftPackageReference section */
		9C02947F294214A100142A8F /* XCRemoteSwiftPackageReference "SDWebImage" */ = {
			isa = XCRemoteSwiftPackageReference;
			repositoryURL = "https://github.com/SDWebImage/SDWebImage";
			requirement = {
				kind = upToNextMajorVersion;
				minimumVersion = 5.0.0;
			};
		};
/* End XCRemoteSwiftPackageReference section */

/* Begin XCSwiftPackageProductDependency section */
		9C029480294214A100142A8F /* SDWebImage */ = {
			isa = XCSwiftPackageProductDependency;
			package = 9C02947F294214A100142A8F /* XCRemoteSwiftPackageReference "SDWebImage" */;
			productName = SDWebImage;
		};
		9C029482294214A100142A8F /* SDWebImageMapKit */ = {
			isa = XCSwiftPackageProductDependency;
			package = 9C02947F294214A100142A8F /* XCRemoteSwiftPackageReference "SDWebImage" */;
			productName = SDWebImageMapKit;
		};
/* End XCSwiftPackageProductDependency section */
	};
	rootObject = 9C02940B293CCE9A00142A8F /* Project object */;
}
